// !$*UTF8*$!
{
	archiveVersion = 1;
	classes = {
	};
	objectVersion = 55;
	objects = {

/* Begin PBXBuildFile section */
		DECA808E29E67B2E00E5AE18 /* AppDelegate.swift in Sources */ = {isa = PBXBuildFile; fileRef = DECA808D29E67B2E00E5AE18 /* AppDelegate.swift */; };
		DECA809029E67B2E00E5AE18 /* SceneDelegate.swift in Sources */ = {isa = PBXBuildFile; fileRef = DECA808F29E67B2E00E5AE18 /* SceneDelegate.swift */; };
		DECA809229E67B2E00E5AE18 /* ViewController.swift in Sources */ = {isa = PBXBuildFile; fileRef = DECA809129E67B2E00E5AE18 /* ViewController.swift */; };
		DECA809529E67B2E00E5AE18 /* Main.storyboard in Resources */ = {isa = PBXBuildFile; fileRef = DECA809329E67B2E00E5AE18 /* Main.storyboard */; };
		DECA809829E67B2E00E5AE18 /* ExamLocalDatabase.xcdatamodeld in Sources */ = {isa = PBXBuildFile; fileRef = DECA809629E67B2E00E5AE18 /* ExamLocalDatabase.xcdatamodeld */; };
		DECA809A29E67B3000E5AE18 /* Assets.xcassets in Resources */ = {isa = PBXBuildFile; fileRef = DECA809929E67B3000E5AE18 /* Assets.xcassets */; };
		DECA809D29E67B3000E5AE18 /* LaunchScreen.storyboard in Resources */ = {isa = PBXBuildFile; fileRef = DECA809B29E67B3000E5AE18 /* LaunchScreen.storyboard */; };
		DECA80A529E67B4500E5AE18 /* fmdb.swift in Sources */ = {isa = PBXBuildFile; fileRef = DECA80A429E67B4500E5AE18 /* fmdb.swift */; };
		DECA80B229E6833D00E5AE18 /* FMDatabasePool.m in Sources */ = {isa = PBXBuildFile; fileRef = DECA80A729E6833D00E5AE18 /* FMDatabasePool.m */; };
		DECA80B329E6833D00E5AE18 /* FMDatabaseQueue.m in Sources */ = {isa = PBXBuildFile; fileRef = DECA80A929E6833D00E5AE18 /* FMDatabaseQueue.m */; };
		DECA80B429E6833D00E5AE18 /* FMResultSet.m in Sources */ = {isa = PBXBuildFile; fileRef = DECA80AC29E6833D00E5AE18 /* FMResultSet.m */; };
		DECA80B529E6833D00E5AE18 /* FMDatabaseAdditions.m in Sources */ = {isa = PBXBuildFile; fileRef = DECA80AE29E6833D00E5AE18 /* FMDatabaseAdditions.m */; };
		DECA80B629E6833D00E5AE18 /* FMDatabase.m in Sources */ = {isa = PBXBuildFile; fileRef = DECA80B029E6833D00E5AE18 /* FMDatabase.m */; };
		DECA80B929E68FA700E5AE18 /* FMDB in Frameworks */ = {isa = PBXBuildFile; productRef = DECA80B829E68FA700E5AE18 /* FMDB */; };
/* End PBXBuildFile section */

/* Begin PBXFileReference section */
		DECA808A29E67B2E00E5AE18 /* ExamLocalDatabase.app */ = {isa = PBXFileReference; explicitFileType = wrapper.application; includeInIndex = 0; path = ExamLocalDatabase.app; sourceTree = BUILT_PRODUCTS_DIR; };
		DECA808D29E67B2E00E5AE18 /* AppDelegate.swift */ = {isa = PBXFileReference; lastKnownFileType = sourcecode.swift; path = AppDelegate.swift; sourceTree = "<group>"; };
		DECA808F29E67B2E00E5AE18 /* SceneDelegate.swift */ = {isa = PBXFileReference; lastKnownFileType = sourcecode.swift; path = SceneDelegate.swift; sourceTree = "<group>"; };
		DECA809129E67B2E00E5AE18 /* ViewController.swift */ = {isa = PBXFileReference; lastKnownFileType = sourcecode.swift; path = ViewController.swift; sourceTree = "<group>"; };
		DECA809429E67B2E00E5AE18 /* Base */ = {isa = PBXFileReference; lastKnownFileType = file.storyboard; name = Base; path = Base.lproj/Main.storyboard; sourceTree = "<group>"; };
		DECA809729E67B2E00E5AE18 /* ExamLocalDatabase.xcdatamodel */ = {isa = PBXFileReference; lastKnownFileType = wrapper.xcdatamodel; path = ExamLocalDatabase.xcdatamodel; sourceTree = "<group>"; };
		DECA809929E67B3000E5AE18 /* Assets.xcassets */ = {isa = PBXFileReference; lastKnownFileType = folder.assetcatalog; path = Assets.xcassets; sourceTree = "<group>"; };
		DECA809C29E67B3000E5AE18 /* Base */ = {isa = PBXFileReference; lastKnownFileType = file.storyboard; name = Base; path = Base.lproj/LaunchScreen.storyboard; sourceTree = "<group>"; };
		DECA809E29E67B3000E5AE18 /* Info.plist */ = {isa = PBXFileReference; lastKnownFileType = text.plist.xml; path = Info.plist; sourceTree = "<group>"; };
		DECA80A429E67B4500E5AE18 /* fmdb.swift */ = {isa = PBXFileReference; lastKnownFileType = sourcecode.swift; path = fmdb.swift; sourceTree = "<group>"; };
		DECA80A629E6833C00E5AE18 /* ExamLocalDatabase-Bridging-Header.h */ = {isa = PBXFileReference; lastKnownFileType = sourcecode.c.h; path = "ExamLocalDatabase-Bridging-Header.h"; sourceTree = "<group>"; };
		DECA80A729E6833D00E5AE18 /* FMDatabasePool.m */ = {isa = PBXFileReference; fileEncoding = 4; lastKnownFileType = sourcecode.c.objc; path = FMDatabasePool.m; sourceTree = "<group>"; };
		DECA80A829E6833D00E5AE18 /* FMDatabase.h */ = {isa = PBXFileReference; fileEncoding = 4; lastKnownFileType = sourcecode.c.h; path = FMDatabase.h; sourceTree = "<group>"; };
		DECA80A929E6833D00E5AE18 /* FMDatabaseQueue.m */ = {isa = PBXFileReference; fileEncoding = 4; lastKnownFileType = sourcecode.c.objc; path = FMDatabaseQueue.m; sourceTree = "<group>"; };
		DECA80AA29E6833D00E5AE18 /* FMDB.h */ = {isa = PBXFileReference; fileEncoding = 4; lastKnownFileType = sourcecode.c.h; path = FMDB.h; sourceTree = "<group>"; };
		DECA80AB29E6833D00E5AE18 /* FMResultSet.h */ = {isa = PBXFileReference; fileEncoding = 4; lastKnownFileType = sourcecode.c.h; path = FMResultSet.h; sourceTree = "<group>"; };
		DECA80AC29E6833D00E5AE18 /* FMResultSet.m */ = {isa = PBXFileReference; fileEncoding = 4; lastKnownFileType = sourcecode.c.objc; path = FMResultSet.m; sourceTree = "<group>"; };
		DECA80AD29E6833D00E5AE18 /* FMDatabaseAdditions.h */ = {isa = PBXFileReference; fileEncoding = 4; lastKnownFileType = sourcecode.c.h; path = FMDatabaseAdditions.h; sourceTree = "<group>"; };
		DECA80AE29E6833D00E5AE18 /* FMDatabaseAdditions.m */ = {isa = PBXFileReference; fileEncoding = 4; lastKnownFileType = sourcecode.c.objc; path = FMDatabaseAdditions.m; sourceTree = "<group>"; };
		DECA80AF29E6833D00E5AE18 /* FMDatabasePool.h */ = {isa = PBXFileReference; fileEncoding = 4; lastKnownFileType = sourcecode.c.h; path = FMDatabasePool.h; sourceTree = "<group>"; };
		DECA80B029E6833D00E5AE18 /* FMDatabase.m */ = {isa = PBXFileReference; fileEncoding = 4; lastKnownFileType = sourcecode.c.objc; path = FMDatabase.m; sourceTree = "<group>"; };
		DECA80B129E6833D00E5AE18 /* FMDatabaseQueue.h */ = {isa = PBXFileReference; fileEncoding = 4; lastKnownFileType = sourcecode.c.h; path = FMDatabaseQueue.h; sourceTree = "<group>"; };
/* End PBXFileReference section */

/* Begin PBXFrameworksBuildPhase section */
		DECA808729E67B2E00E5AE18 /* Frameworks */ = {
			isa = PBXFrameworksBuildPhase;
			buildActionMask = 2147483647;
			files = (
				DECA80B929E68FA700E5AE18 /* FMDB in Frameworks */,
			);
			runOnlyForDeploymentPostprocessing = 0;
		};
/* End PBXFrameworksBuildPhase section */

/* Begin PBXGroup section */
		DECA808129E67B2E00E5AE18 = {
			isa = PBXGroup;
			children = (
				DECA808C29E67B2E00E5AE18 /* ExamLocalDatabase */,
				DECA808B29E67B2E00E5AE18 /* Products */,
			);
			sourceTree = "<group>";
		};
		DECA808B29E67B2E00E5AE18 /* Products */ = {
			isa = PBXGroup;
			children = (
				DECA808A29E67B2E00E5AE18 /* ExamLocalDatabase.app */,
			);
			name = Products;
			sourceTree = "<group>";
		};
		DECA808C29E67B2E00E5AE18 /* ExamLocalDatabase */ = {
			isa = PBXGroup;
			children = (
				DECA808D29E67B2E00E5AE18 /* AppDelegate.swift */,
				DECA808F29E67B2E00E5AE18 /* SceneDelegate.swift */,
				DECA809129E67B2E00E5AE18 /* ViewController.swift */,
				DECA809329E67B2E00E5AE18 /* Main.storyboard */,
				DECA80A429E67B4500E5AE18 /* fmdb.swift */,
				DECA809929E67B3000E5AE18 /* Assets.xcassets */,
				DECA809B29E67B3000E5AE18 /* LaunchScreen.storyboard */,
				DECA809E29E67B3000E5AE18 /* Info.plist */,
				DECA809629E67B2E00E5AE18 /* ExamLocalDatabase.xcdatamodeld */,
				DECA80A829E6833D00E5AE18 /* FMDatabase.h */,
				DECA80B029E6833D00E5AE18 /* FMDatabase.m */,
				DECA80AD29E6833D00E5AE18 /* FMDatabaseAdditions.h */,
				DECA80AE29E6833D00E5AE18 /* FMDatabaseAdditions.m */,
				DECA80AF29E6833D00E5AE18 /* FMDatabasePool.h */,
				DECA80A729E6833D00E5AE18 /* FMDatabasePool.m */,
				DECA80B129E6833D00E5AE18 /* FMDatabaseQueue.h */,
				DECA80A929E6833D00E5AE18 /* FMDatabaseQueue.m */,
				DECA80AA29E6833D00E5AE18 /* FMDB.h */,
				DECA80AB29E6833D00E5AE18 /* FMResultSet.h */,
				DECA80AC29E6833D00E5AE18 /* FMResultSet.m */,
				DECA80A629E6833C00E5AE18 /* ExamLocalDatabase-Bridging-Header.h */,
			);
			path = ExamLocalDatabase;
			sourceTree = "<group>";
		};
/* End PBXGroup section */

/* Begin PBXNativeTarget section */
		DECA808929E67B2E00E5AE18 /* ExamLocalDatabase */ = {
			isa = PBXNativeTarget;
			buildConfigurationList = DECA80A129E67B3000E5AE18 /* Build configuration list for PBXNativeTarget "ExamLocalDatabase" */;
			buildPhases = (
				DECA808629E67B2E00E5AE18 /* Sources */,
				DECA808729E67B2E00E5AE18 /* Frameworks */,
				DECA808829E67B2E00E5AE18 /* Resources */,
			);
			buildRules = (
			);
			dependencies = (
			);
			name = ExamLocalDatabase;
			packageProductDependencies = (
				DECA80B829E68FA700E5AE18 /* FMDB */,
			);
			productName = ExamLocalDatabase;
			productReference = DECA808A29E67B2E00E5AE18 /* ExamLocalDatabase.app */;
			productType = "com.apple.product-type.application";
		};
/* End PBXNativeTarget section */

/* Begin PBXProject section */
		DECA808229E67B2E00E5AE18 /* Project object */ = {
			isa = PBXProject;
			attributes = {
				BuildIndependentTargetsInParallel = 1;
				LastSwiftUpdateCheck = 1300;
				LastUpgradeCheck = 1300;
				TargetAttributes = {
					DECA808929E67B2E00E5AE18 = {
						CreatedOnToolsVersion = 13.0;
						LastSwiftMigration = 1300;
					};
				};
			};
			buildConfigurationList = DECA808529E67B2E00E5AE18 /* Build configuration list for PBXProject "ExamLocalDatabase" */;
			compatibilityVersion = "Xcode 13.0";
			developmentRegion = en;
			hasScannedForEncodings = 0;
			knownRegions = (
				en,
				Base,
			);
			mainGroup = DECA808129E67B2E00E5AE18;
			packageReferences = (
				DECA80B729E68FA700E5AE18 /* XCRemoteSwiftPackageReference "fmdb" */,
			);
			productRefGroup = DECA808B29E67B2E00E5AE18 /* Products */;
			projectDirPath = "";
			projectRoot = "";
			targets = (
				DECA808929E67B2E00E5AE18 /* ExamLocalDatabase */,
			);
		};
/* End PBXProject section */

/* Begin PBXResourcesBuildPhase section */
		DECA808829E67B2E00E5AE18 /* Resources */ = {
			isa = PBXResourcesBuildPhase;
			buildActionMask = 2147483647;
			files = (
				DECA809D29E67B3000E5AE18 /* LaunchScreen.storyboard in Resources */,
				DECA809A29E67B3000E5AE18 /* Assets.xcassets in Resources */,
				DECA809529E67B2E00E5AE18 /* Main.storyboard in Resources */,
			);
			runOnlyForDeploymentPostprocessing = 0;
		};
/* End PBXResourcesBuildPhase section */

/* Begin PBXSourcesBuildPhase section */
		DECA808629E67B2E00E5AE18 /* Sources */ = {
			isa = PBXSourcesBuildPhase;
			buildActionMask = 2147483647;
			files = (
				DECA809229E67B2E00E5AE18 /* ViewController.swift in Sources */,
				DECA80B229E6833D00E5AE18 /* FMDatabasePool.m in Sources */,
				DECA809829E67B2E00E5AE18 /* ExamLocalDatabase.xcdatamodeld in Sources */,
				DECA80B629E6833D00E5AE18 /* FMDatabase.m in Sources */,
				DECA80B329E6833D00E5AE18 /* FMDatabaseQueue.m in Sources */,
				DECA80A529E67B4500E5AE18 /* fmdb.swift in Sources */,
				DECA80B529E6833D00E5AE18 /* FMDatabaseAdditions.m in Sources */,
				DECA808E29E67B2E00E5AE18 /* AppDelegate.swift in Sources */,
				DECA80B429E6833D00E5AE18 /* FMResultSet.m in Sources */,
				DECA809029E67B2E00E5AE18 /* SceneDelegate.swift in Sources */,
			);
			runOnlyForDeploymentPostprocessing = 0;
		};
/* End PBXSourcesBuildPhase section */

/* Begin PBXVariantGroup section */
		DECA809329E67B2E00E5AE18 /* Main.storyboard */ = {
			isa = PBXVariantGroup;
			children = (
				DECA809429E67B2E00E5AE18 /* Base */,
			);
			name = Main.storyboard;
			sourceTree = "<group>";
		};
		DECA809B29E67B3000E5AE18 /* LaunchScreen.storyboard */ = {
			isa = PBXVariantGroup;
			children = (
				DECA809C29E67B3000E5AE18 /* Base */,
			);
			name = LaunchScreen.storyboard;
			sourceTree = "<group>";
		};
/* End PBXVariantGroup section */

/* Begin XCBuildConfiguration section */
		DECA809F29E67B3000E5AE18 /* Debug */ = {
			isa = XCBuildConfiguration;
			buildSettings = {
				ALWAYS_SEARCH_USER_PATHS = NO;
				CLANG_ANALYZER_NONNULL = YES;
				CLANG_ANALYZER_NUMBER_OBJECT_CONVERSION = YES_AGGRESSIVE;
				CLANG_CXX_LANGUAGE_STANDARD = "gnu++17";
				CLANG_CXX_LIBRARY = "libc++";
				CLANG_ENABLE_MODULES = YES;
				CLANG_ENABLE_OBJC_ARC = YES;
				CLANG_ENABLE_OBJC_WEAK = YES;
				CLANG_WARN_BLOCK_CAPTURE_AUTORELEASING = YES;
				CLANG_WARN_BOOL_CONVERSION = YES;
				CLANG_WARN_COMMA = YES;
				CLANG_WARN_CONSTANT_CONVERSION = YES;
				CLANG_WARN_DEPRECATED_OBJC_IMPLEMENTATIONS = YES;
				CLANG_WARN_DIRECT_OBJC_ISA_USAGE = YES_ERROR;
				CLANG_WARN_DOCUMENTATION_COMMENTS = YES;
				CLANG_WARN_EMPTY_BODY = YES;
				CLANG_WARN_ENUM_CONVERSION = YES;
				CLANG_WARN_INFINITE_RECURSION = YES;
				CLANG_WARN_INT_CONVERSION = YES;
				CLANG_WARN_NON_LITERAL_NULL_CONVERSION = YES;
				CLANG_WARN_OBJC_IMPLICIT_RETAIN_SELF = YES;
				CLANG_WARN_OBJC_LITERAL_CONVERSION = YES;
				CLANG_WARN_OBJC_ROOT_CLASS = YES_ERROR;
				CLANG_WARN_QUOTED_INCLUDE_IN_FRAMEWORK_HEADER = YES;
				CLANG_WARN_RANGE_LOOP_ANALYSIS = YES;
				CLANG_WARN_STRICT_PROTOTYPES = YES;
				CLANG_WARN_SUSPICIOUS_MOVE = YES;
				CLANG_WARN_UNGUARDED_AVAILABILITY = YES_AGGRESSIVE;
				CLANG_WARN_UNREACHABLE_CODE = YES;
				CLANG_WARN__DUPLICATE_METHOD_MATCH = YES;
				COPY_PHASE_STRIP = NO;
				DEBUG_INFORMATION_FORMAT = dwarf;
				ENABLE_STRICT_OBJC_MSGSEND = YES;
				ENABLE_TESTABILITY = YES;
				GCC_C_LANGUAGE_STANDARD = gnu11;
				GCC_DYNAMIC_NO_PIC = NO;
				GCC_NO_COMMON_BLOCKS = YES;
				GCC_OPTIMIZATION_LEVEL = 0;
				GCC_PREPROCESSOR_DEFINITIONS = (
					"DEBUG=1",
					"$(inherited)",
				);
				GCC_WARN_64_TO_32_BIT_CONVERSION = YES;
				GCC_WARN_ABOUT_RETURN_TYPE = YES_ERROR;
				GCC_WARN_UNDECLARED_SELECTOR = YES;
				GCC_WARN_UNINITIALIZED_AUTOS = YES_AGGRESSIVE;
				GCC_WARN_UNUSED_FUNCTION = YES;
				GCC_WARN_UNUSED_VARIABLE = YES;
				IPHONEOS_DEPLOYMENT_TARGET = 15.0;
				MTL_ENABLE_DEBUG_INFO = INCLUDE_SOURCE;
				MTL_FAST_MATH = YES;
				ONLY_ACTIVE_ARCH = YES;
				SDKROOT = iphoneos;
				SWIFT_ACTIVE_COMPILATION_CONDITIONS = DEBUG;
				SWIFT_OPTIMIZATION_LEVEL = "-Onone";
			};
			name = Debug;
		};
		DECA80A029E67B3000E5AE18 /* Release */ = {
			isa = XCBuildConfiguration;
			buildSettings = {
				ALWAYS_SEARCH_USER_PATHS = NO;
				CLANG_ANALYZER_NONNULL = YES;
				CLANG_ANALYZER_NUMBER_OBJECT_CONVERSION = YES_AGGRESSIVE;
				CLANG_CXX_LANGUAGE_STANDARD = "gnu++17";
				CLANG_CXX_LIBRARY = "libc++";
				CLANG_ENABLE_MODULES = YES;
				CLANG_ENABLE_OBJC_ARC = YES;
				CLANG_ENABLE_OBJC_WEAK = YES;
				CLANG_WARN_BLOCK_CAPTURE_AUTORELEASING = YES;
				CLANG_WARN_BOOL_CONVERSION = YES;
				CLANG_WARN_COMMA = YES;
				CLANG_WARN_CONSTANT_CONVERSION = YES;
				CLANG_WARN_DEPRECATED_OBJC_IMPLEMENTATIONS = YES;
				CLANG_WARN_DIRECT_OBJC_ISA_USAGE = YES_ERROR;
				CLANG_WARN_DOCUMENTATION_COMMENTS = YES;
				CLANG_WARN_EMPTY_BODY = YES;
				CLANG_WARN_ENUM_CONVERSION = YES;
				CLANG_WARN_INFINITE_RECURSION = YES;
				CLANG_WARN_INT_CONVERSION = YES;
				CLANG_WARN_NON_LITERAL_NULL_CONVERSION = YES;
				CLANG_WARN_OBJC_IMPLICIT_RETAIN_SELF = YES;
				CLANG_WARN_OBJC_LITERAL_CONVERSION = YES;
				CLANG_WARN_OBJC_ROOT_CLASS = YES_ERROR;
				CLANG_WARN_QUOTED_INCLUDE_IN_FRAMEWORK_HEADER = YES;
				CLANG_WARN_RANGE_LOOP_ANALYSIS = YES;
				CLANG_WARN_STRICT_PROTOTYPES = YES;
				CLANG_WARN_SUSPICIOUS_MOVE = YES;
				CLANG_WARN_UNGUARDED_AVAILABILITY = YES_AGGRESSIVE;
				CLANG_WARN_UNREACHABLE_CODE = YES;
				CLANG_WARN__DUPLICATE_METHOD_MATCH = YES;
				COPY_PHASE_STRIP = NO;
				DEBUG_INFORMATION_FORMAT = "dwarf-with-dsym";
				ENABLE_NS_ASSERTIONS = NO;
				ENABLE_STRICT_OBJC_MSGSEND = YES;
				GCC_C_LANGUAGE_STANDARD = gnu11;
				GCC_NO_COMMON_BLOCKS = YES;
				GCC_WARN_64_TO_32_BIT_CONVERSION = YES;
				GCC_WARN_ABOUT_RETURN_TYPE = YES_ERROR;
				GCC_WARN_UNDECLARED_SELECTOR = YES;
				GCC_WARN_UNINITIALIZED_AUTOS = YES_AGGRESSIVE;
				GCC_WARN_UNUSED_FUNCTION = YES;
				GCC_WARN_UNUSED_VARIABLE = YES;
				IPHONEOS_DEPLOYMENT_TARGET = 15.0;
				MTL_ENABLE_DEBUG_INFO = NO;
				MTL_FAST_MATH = YES;
				SDKROOT = iphoneos;
				SWIFT_COMPILATION_MODE = wholemodule;
				SWIFT_OPTIMIZATION_LEVEL = "-O";
				VALIDATE_PRODUCT = YES;
			};
			name = Release;
		};
		DECA80A229E67B3000E5AE18 /* Debug */ = {
			isa = XCBuildConfiguration;
			buildSettings = {
				ASSETCATALOG_COMPILER_APPICON_NAME = AppIcon;
				ASSETCATALOG_COMPILER_GLOBAL_ACCENT_COLOR_NAME = AccentColor;
				CLANG_ENABLE_MODULES = YES;
				CODE_SIGN_STYLE = Automatic;
				CURRENT_PROJECT_VERSION = 1;
				GENERATE_INFOPLIST_FILE = YES;
				INFOPLIST_FILE = ExamLocalDatabase/Info.plist;
				INFOPLIST_KEY_UIApplicationSupportsIndirectInputEvents = YES;
				INFOPLIST_KEY_UILaunchStoryboardName = LaunchScreen;
				INFOPLIST_KEY_UIMainStoryboardFile = Main;
				INFOPLIST_KEY_UISupportedInterfaceOrientations_iPad = "UIInterfaceOrientationPortrait UIInterfaceOrientationPortraitUpsideDown UIInterfaceOrientationLandscapeLeft UIInterfaceOrientationLandscapeRight";
				INFOPLIST_KEY_UISupportedInterfaceOrientations_iPhone = "UIInterfaceOrientationPortrait UIInterfaceOrientationLandscapeLeft UIInterfaceOrientationLandscapeRight";
				LD_RUNPATH_SEARCH_PATHS = (
					"$(inherited)",
					"@executable_path/Frameworks",
				);
				MARKETING_VERSION = 1.0;
				PRODUCT_BUNDLE_IDENTIFIER = com.info.ExamLocalDatabase;
				PRODUCT_NAME = "$(TARGET_NAME)";
				SWIFT_EMIT_LOC_STRINGS = YES;
				SWIFT_OBJC_BRIDGING_HEADER = "ExamLocalDatabase/ExamLocalDatabase-Bridging-Header.h";
				SWIFT_OPTIMIZATION_LEVEL = "-Onone";
				SWIFT_VERSION = 5.0;
				TARGETED_DEVICE_FAMILY = "1,2";
			};
			name = Debug;
		};
		DECA80A329E67B3000E5AE18 /* Release */ = {
			isa = XCBuildConfiguration;
			buildSettings = {
				ASSETCATALOG_COMPILER_APPICON_NAME = AppIcon;
				ASSETCATALOG_COMPILER_GLOBAL_ACCENT_COLOR_NAME = AccentColor;
				CLANG_ENABLE_MODULES = YES;
				CODE_SIGN_STYLE = Automatic;
				CURRENT_PROJECT_VERSION = 1;
				GENERATE_INFOPLIST_FILE = YES;
				INFOPLIST_FILE = ExamLocalDatabase/Info.plist;
				INFOPLIST_KEY_UIApplicationSupportsIndirectInputEvents = YES;
				INFOPLIST_KEY_UILaunchStoryboardName = LaunchScreen;
				INFOPLIST_KEY_UIMainStoryboardFile = Main;
				INFOPLIST_KEY_UISupportedInterfaceOrientations_iPad = "UIInterfaceOrientationPortrait UIInterfaceOrientationPortraitUpsideDown UIInterfaceOrientationLandscapeLeft UIInterfaceOrientationLandscapeRight";
				INFOPLIST_KEY_UISupportedInterfaceOrientations_iPhone = "UIInterfaceOrientationPortrait UIInterfaceOrientationLandscapeLeft UIInterfaceOrientationLandscapeRight";
				LD_RUNPATH_SEARCH_PATHS = (
					"$(inherited)",
					"@executable_path/Frameworks",
				);
				MARKETING_VERSION = 1.0;
				PRODUCT_BUNDLE_IDENTIFIER = com.info.ExamLocalDatabase;
				PRODUCT_NAME = "$(TARGET_NAME)";
				SWIFT_EMIT_LOC_STRINGS = YES;
				SWIFT_OBJC_BRIDGING_HEADER = "ExamLocalDatabase/ExamLocalDatabase-Bridging-Header.h";
				SWIFT_VERSION = 5.0;
				TARGETED_DEVICE_FAMILY = "1,2";
			};
			name = Release;
		};
/* End XCBuildConfiguration section */

/* Begin XCConfigurationList section */
		DECA808529E67B2E00E5AE18 /* Build configuration list for PBXProject "ExamLocalDatabase" */ = {
			isa = XCConfigurationList;
			buildConfigurations = (
				DECA809F29E67B3000E5AE18 /* Debug */,
				DECA80A029E67B3000E5AE18 /* Release */,
			);
			defaultConfigurationIsVisible = 0;
			defaultConfigurationName = Release;
		};
		DECA80A129E67B3000E5AE18 /* Build configuration list for PBXNativeTarget "ExamLocalDatabase" */ = {
			isa = XCConfigurationList;
			buildConfigurations = (
				DECA80A229E67B3000E5AE18 /* Debug */,
				DECA80A329E67B3000E5AE18 /* Release */,
			);
			defaultConfigurationIsVisible = 0;
			defaultConfigurationName = Release;
		};
/* End XCConfigurationList section */

/* Begin XCRemoteSwiftPackageReference section */
		DECA80B729E68FA700E5AE18 /* XCRemoteSwiftPackageReference "fmdb" */ = {
			isa = XCRemoteSwiftPackageReference;
			repositoryURL = "https://github.com/ccgus/fmdb.git";
			requirement = {
				branch = master;
				kind = branch;
			};
		};
/* End XCRemoteSwiftPackageReference section */

/* Begin XCSwiftPackageProductDependency section */
		DECA80B829E68FA700E5AE18 /* FMDB */ = {
			isa = XCSwiftPackageProductDependency;
			package = DECA80B729E68FA700E5AE18 /* XCRemoteSwiftPackageReference "fmdb" */;
			productName = FMDB;
		};
/* End XCSwiftPackageProductDependency section */

/* Begin XCVersionGroup section */
		DECA809629E67B2E00E5AE18 /* ExamLocalDatabase.xcdatamodeld */ = {
			isa = XCVersionGroup;
			children = (
				DECA809729E67B2E00E5AE18 /* ExamLocalDatabase.xcdatamodel */,
			);
			currentVersion = DECA809729E67B2E00E5AE18 /* ExamLocalDatabase.xcdatamodel */;
			path = ExamLocalDatabase.xcdatamodeld;
			sourceTree = "<group>";
			versionGroupType = wrapper.xcdatamodel;
		};
/* End XCVersionGroup section */
	};
	rootObject = DECA808229E67B2E00E5AE18 /* Project object */;
}
